
Microsoft Visual Studio Solution File, Format Version 12.00
# Visual Studio Version 17
VisualStudioVersion = 17.4.33205.214
MinimumVisualStudioVersion = 10.0.40219.1
Project("{FAE04EC0-301F-11D3-BF4B-00C04F79EFBC}") = "TicTacToeAPI", "TicTacToeAPI\TicTacToeAPI.csproj", "{C303E8E1-0A9B-4E46-8DC8-C109010F7836}"
EndProject
Global
	GlobalSection(SolutionConfigurationPlatforms) = preSolution
		Debug|Any CPU = Debug|Any CPU
		Release|Any CPU = Release|Any CPU
	EndGlobalSection
	GlobalSection(ProjectConfigurationPlatforms) = postSolution
		{C303E8E1-0A9B-4E46-8DC8-C109010F7836}.Debug|Any CPU.ActiveCfg = Debug|Any CPU
		{C303E8E1-0A9B-4E46-8DC8-C109010F7836}.Debug|Any CPU.Build.0 = Debug|Any CPU
		{C303E8E1-0A9B-4E46-8DC8-C109010F7836}.Release|Any CPU.ActiveCfg = Release|Any CPU
		{C303E8E1-0A9B-4E46-8DC8-C109010F7836}.Release|Any CPU.Build.0 = Release|Any CPU
	EndGlobalSection
	GlobalSection(SolutionProperties) = preSolution
		HideSolutionNode = FALSE
	EndGlobalSection
	GlobalSection(ExtensibilityGlobals) = postSolution
		SolutionGuid = {8303C202-A286-4CD5-A2FD-EDB540B36B09}
	EndGlobalSection
EndGlobal
